
Microsoft Visual Studio Solution File, Format Version 12.00
# Visual Studio Version 17
VisualStudioVersion = 17.8.34511.84
MinimumVisualStudioVersion = 10.0.40219.1
Project("{FAE04EC0-301F-11D3-BF4B-00C04F79EFBC}") = "15", "15\15.csproj", "{98EAF956-C38B-4CE0-AB2E-A9963258B1F8}"
EndProject
Global
	GlobalSection(SolutionConfigurationPlatforms) = preSolution
		Debug|Any CPU = Debug|Any CPU
		Release|Any CPU = Release|Any CPU
	EndGlobalSection
	GlobalSection(ProjectConfigurationPlatforms) = postSolution
		{98EAF956-C38B-4CE0-AB2E-A9963258B1F8}.Debug|Any CPU.ActiveCfg = Debug|Any CPU
		{98EAF956-C38B-4CE0-AB2E-A9963258B1F8}.Debug|Any CPU.Build.0 = Debug|Any CPU
		{98EAF956-C38B-4CE0-AB2E-A9963258B1F8}.Release|Any CPU.ActiveCfg = Release|Any CPU
		{98EAF956-C38B-4CE0-AB2E-A9963258B1F8}.Release|Any CPU.Build.0 = Release|Any CPU
	EndGlobalSection
	GlobalSection(SolutionProperties) = preSolution
		HideSolutionNode = FALSE
	EndGlobalSection
	GlobalSection(ExtensibilityGlobals) = postSolution
		SolutionGuid = {9A8BACD8-CC1B-4E65-8C69-AE40866CA830}
	EndGlobalSection
EndGlobal
